
Microsoft Visual Studio Solution File, Format Version 12.00
# Visual Studio Version 17
VisualStudioVersion = 17.8.34112.27
MinimumVisualStudioVersion = 10.0.40219.1
Project("{9A19103F-16F7-4668-BE54-9A1E7A4F7556}") = "WinEvents", "WinEvents.csproj", "{4AA8AF39-971A-4659-83B1-1472FADEB73C}"
	ProjectSection(ProjectDependencies) = postProject
		{EA179E3F-FEF0-402F-9CF4-159FD0C56E02} = {EA179E3F-FEF0-402F-9CF4-159FD0C56E02}
	EndProjectSection
EndProject
Project("{9A19103F-16F7-4668-BE54-9A1E7A4F7556}") = "Hooks", "..\Hooks\Hooks.csproj", "{1CBD0516-340E-49D8-B8F3-A4292A10FCD9}"
EndProject
Project("{9A19103F-16F7-4668-BE54-9A1E7A4F7556}") = "SendInput", "..\SendInput\SendInput.csproj", "{EA179E3F-FEF0-402F-9CF4-159FD0C56E02}"
EndProject
Global
	GlobalSection(SolutionConfigurationPlatforms) = preSolution
		Debug|Any CPU = Debug|Any CPU
		Debug|x64 = Debug|x64
		Debug|x86 = Debug|x86
		Release|Any CPU = Release|Any CPU
		Release|x64 = Release|x64
		Release|x86 = Release|x86
	EndGlobalSection
	GlobalSection(ProjectConfigurationPlatforms) = postSolution
		{4AA8AF39-971A-4659-83B1-1472FADEB73C}.Debug|Any CPU.ActiveCfg = Debug|Any CPU
		{4AA8AF39-971A-4659-83B1-1472FADEB73C}.Debug|Any CPU.Build.0 = Debug|Any CPU
		{4AA8AF39-971A-4659-83B1-1472FADEB73C}.Debug|x64.ActiveCfg = Debug|x64
		{4AA8AF39-971A-4659-83B1-1472FADEB73C}.Debug|x64.Build.0 = Debug|x64
		{4AA8AF39-971A-4659-83B1-1472FADEB73C}.Debug|x86.ActiveCfg = Debug|x86
		{4AA8AF39-971A-4659-83B1-1472FADEB73C}.Debug|x86.Build.0 = Debug|x86
		{4AA8AF39-971A-4659-83B1-1472FADEB73C}.Release|Any CPU.ActiveCfg = Release|Any CPU
		{4AA8AF39-971A-4659-83B1-1472FADEB73C}.Release|Any CPU.Build.0 = Release|Any CPU
		{4AA8AF39-971A-4659-83B1-1472FADEB73C}.Release|x64.ActiveCfg = Release|Any CPU
		{4AA8AF39-971A-4659-83B1-1472FADEB73C}.Release|x64.Build.0 = Release|Any CPU
		{4AA8AF39-971A-4659-83B1-1472FADEB73C}.Release|x86.ActiveCfg = Release|Any CPU
		{1CBD0516-340E-49D8-B8F3-A4292A10FCD9}.Debug|Any CPU.ActiveCfg = Debug|Any CPU
		{1CBD0516-340E-49D8-B8F3-A4292A10FCD9}.Debug|Any CPU.Build.0 = Debug|Any CPU
		{1CBD0516-340E-49D8-B8F3-A4292A10FCD9}.Debug|x64.ActiveCfg = Debug|x64
		{1CBD0516-340E-49D8-B8F3-A4292A10FCD9}.Debug|x64.Build.0 = Debug|x64
		{1CBD0516-340E-49D8-B8F3-A4292A10FCD9}.Debug|x86.ActiveCfg = Debug|x86
		{1CBD0516-340E-49D8-B8F3-A4292A10FCD9}.Debug|x86.Build.0 = Debug|x86
		{1CBD0516-340E-49D8-B8F3-A4292A10FCD9}.Release|Any CPU.ActiveCfg = Release|Any CPU
		{1CBD0516-340E-49D8-B8F3-A4292A10FCD9}.Release|Any CPU.Build.0 = Release|Any CPU
		{1CBD0516-340E-49D8-B8F3-A4292A10FCD9}.Release|x64.ActiveCfg = Release|Any CPU
		{1CBD0516-340E-49D8-B8F3-A4292A10FCD9}.Release|x64.Build.0 = Release|Any CPU
		{1CBD0516-340E-49D8-B8F3-A4292A10FCD9}.Release|x86.ActiveCfg = Release|Any CPU
		{1CBD0516-340E-49D8-B8F3-A4292A10FCD9}.Release|x86.Build.0 = Release|Any CPU
		{EA179E3F-FEF0-402F-9CF4-159FD0C56E02}.Debug|Any CPU.ActiveCfg = Debug|Any CPU
		{EA179E3F-FEF0-402F-9CF4-159FD0C56E02}.Debug|Any CPU.Build.0 = Debug|Any CPU
		{EA179E3F-FEF0-402F-9CF4-159FD0C56E02}.Debug|x64.ActiveCfg = Debug|x64
		{EA179E3F-FEF0-402F-9CF4-159FD0C56E02}.Debug|x64.Build.0 = Debug|x64
		{EA179E3F-FEF0-402F-9CF4-159FD0C56E02}.Debug|x86.ActiveCfg = Debug|x86
		{EA179E3F-FEF0-402F-9CF4-159FD0C56E02}.Debug|x86.Build.0 = Debug|x86
		{EA179E3F-FEF0-402F-9CF4-159FD0C56E02}.Release|Any CPU.ActiveCfg = Release|Any CPU
		{EA179E3F-FEF0-402F-9CF4-159FD0C56E02}.Release|Any CPU.Build.0 = Release|Any CPU
		{EA179E3F-FEF0-402F-9CF4-159FD0C56E02}.Release|x64.ActiveCfg = Release|Any CPU
		{EA179E3F-FEF0-402F-9CF4-159FD0C56E02}.Release|x86.ActiveCfg = Release|Any CPU
	EndGlobalSection
	GlobalSection(SolutionProperties) = preSolution
		HideSolutionNode = FALSE
	EndGlobalSection
	GlobalSection(ExtensibilityGlobals) = postSolution
		SolutionGuid = {ADD92E5D-AFE1-43BE-BA02-D956472CDC6C}
	EndGlobalSection
EndGlobal
